{
  "name": "lcf",
  "version": "0.1.0",
  "lockfileVersion": 3,
  "requires": true,
  "packages": {
    "": {
      "name": "lcf",
      "version": "0.1.0",
      "license": "Apache-2.0",
      "workspaces": [
        "packages/kernel",
        "packages/plugin-toolkit",
        "packages/plugin-testkit",
        "packages/conformance",
        "packages/cli",
        "plugins/example-paginated-portal",
        "plugins/sgg-benin"
      ],
      "devDependencies": {
        "@types/node": "^22.7.0",
        "typescript": "^5.6.0"
      },
      "engines": {
        "node": ">=22.5.0"
      }
    },
    "node_modules/@lcf-plugins/example-paginated-portal": {
      "resolved": "plugins/example-paginated-portal",
      "link": true
    },
    "node_modules/@lcf-plugins/sgg-benin": {
      "resolved": "plugins/sgg-benin",
      "link": true
    },
    "node_modules/@lcf/cli": {
      "resolved": "packages/cli",
      "link": true
    },
    "node_modules/@lcf/conformance": {
      "resolved": "packages/conformance",
      "link": true
    },
    "node_modules/@lcf/kernel": {
      "resolved": "packages/kernel",
      "link": true
    },
    "node_modules/@lcf/plugin-testkit": {
      "resolved": "packages/plugin-testkit",
      "link": true
    },
    "node_modules/@lcf/plugin-toolkit": {
      "resolved": "packages/plugin-toolkit",
      "link": true
    },
    "node_modules/@types/node": {
      "version": "22.20.1",
      "resolved": "https://registry.npmjs.org/@types/node/-/node-22.20.1.tgz",
      "integrity": "sha512-EANqOCF9QFyra+4pfxUcX9STKJpCLjMbObVzljIJomAWSnuSIEAvyzEU53GaajbXJEgdh0iEcPL+DGvpUd4k1Q==",
      "dev": true,
      "license": "MIT",
      "dependencies": {
        "undici-types": "~6.21.0"
      }
    },
    "node_modules/typescript": {
      "version": "5.9.3",
      "resolved": "https://registry.npmjs.org/typescript/-/typescript-5.9.3.tgz",
      "integrity": "sha512-jl1vZzPDinLr9eUt3J/t7V6FgNEw9QjvBPdysz9KfQDD41fQrC2Y4vKQdiaUpFT4bXlb1RHhLpp8wtm6M5TgSw==",
      "dev": true,
      "license": "Apache-2.0",
      "bin": {
        "tsc": "bin/tsc",
        "tsserver": "bin/tsserver"
      },
      "engines": {
        "node": ">=14.17"
      }
    },
    "node_modules/undici-types": {
      "version": "6.21.0",
      "resolved": "https://registry.npmjs.org/undici-types/-/undici-types-6.21.0.tgz",
      "integrity": "sha512-iwDZqg0QAGrg9Rav5H4n0M64c3mkR59cJ6wQp+7C4nI0gsmExaedaYLNO44eT4AtBBwjbTiGPMlt2Md0T9H9JQ==",
      "dev": true,
      "license": "MIT"
    },
    "packages/cli": {
      "name": "@lcf/cli",
      "version": "0.1.0",
      "license": "Apache-2.0",
      "dependencies": {
        "@lcf/kernel": "0.1.0"
      },
      "bin": {
        "lcf": "dist/src/bin.js"
      },
      "engines": {
        "node": ">=22.5.0"
      }
    },
    "packages/conformance": {
      "name": "@lcf/conformance",
      "version": "0.1.0",
      "license": "Apache-2.0",
      "dependencies": {
        "@lcf/kernel": "0.1.0",
        "@lcf/plugin-testkit": "0.1.0"
      },
      "engines": {
        "node": ">=22.5.0"
      }
    },
    "packages/kernel": {
      "name": "@lcf/kernel",
      "version": "0.1.0",
      "license": "Apache-2.0",
      "engines": {
        "node": ">=22.5.0"
      }
    },
    "packages/plugin-testkit": {
      "name": "@lcf/plugin-testkit",
      "version": "0.1.0",
      "license": "Apache-2.0",
      "dependencies": {
        "@lcf/kernel": "0.1.0"
      },
      "engines": {
        "node": ">=22.5.0"
      }
    },
    "packages/plugin-toolkit": {
      "name": "@lcf/plugin-toolkit",
      "version": "0.1.0",
      "license": "Apache-2.0",
      "dependencies": {
        "@lcf/kernel": "0.1.0"
      },
      "engines": {
        "node": ">=22.5.0"
      }
    },
    "plugins/example-paginated-portal": {
      "name": "@lcf-plugins/example-paginated-portal",
      "version": "0.1.0",
      "license": "Apache-2.0",
      "dependencies": {
        "@lcf/kernel": "0.1.0",
        "@lcf/plugin-toolkit": "0.1.0"
      },
      "engines": {
        "node": ">=22.5.0"
      }
    },
    "plugins/sgg-benin": {
      "name": "@lcf-plugins/sgg-benin",
      "version": "0.1.0",
      "license": "Apache-2.0",
      "dependencies": {
        "@lcf/kernel": "0.1.0",
        "@lcf/plugin-toolkit": "0.1.0"
      },
      "devDependencies": {
        "@lcf/plugin-testkit": "0.1.0"
      },
      "engines": {
        "node": ">=22.5.0"
      }
    }
  }
}
